
Microsoft Visual Studio Solution File, Format Version 12.00
# Visual Studio 15
VisualStudioVersion = 15.0.27428.2002
MinimumVisualStudioVersion = 10.0.40219.1
Project("{FAE04EC0-301F-11D3-BF4B-00C04F79EFBC}") = "TestingSystem.WEB", "TestingSystem.WEB\TestingSystem.WEB.csproj", "{B74BB1C8-9652-4EFD-8394-DB0CEA462B9F}"
EndProject
Global
	GlobalSection(SolutionConfigurationPlatforms) = preSolution
		Debug|Any CPU = Debug|Any CPU
		Release|Any CPU = Release|Any CPU
	EndGlobalSection
	GlobalSection(ProjectConfigurationPlatforms) = postSolution
		{B74BB1C8-9652-4EFD-8394-DB0CEA462B9F}.Debug|Any CPU.ActiveCfg = Debug|Any CPU
		{B74BB1C8-9652-4EFD-8394-DB0CEA462B9F}.Debug|Any CPU.Build.0 = Debug|Any CPU
		{B74BB1C8-9652-4EFD-8394-DB0CEA462B9F}.Release|Any CPU.ActiveCfg = Release|Any CPU
		{B74BB1C8-9652-4EFD-8394-DB0CEA462B9F}.Release|Any CPU.Build.0 = Release|Any CPU
	EndGlobalSection
	GlobalSection(SolutionProperties) = preSolution
		HideSolutionNode = FALSE
	EndGlobalSection
	GlobalSection(ExtensibilityGlobals) = postSolution
		SolutionGuid = {FDA3D451-B925-4482-996D-22D0326C09A5}
	EndGlobalSection
EndGlobal
